
Microsoft Visual Studio Solution File, Format Version 12.00
# Visual Studio Version 17
VisualStudioVersion = 17.0.31903.59
MinimumVisualStudioVersion = 10.0.40219.1
Project("{FAE04EC0-301F-11D3-BF4B-00C04F79EFBC}") = "Exercise_03a", "Exercise_03a\Exercise_03a.csproj", "{8E851980-BA4D-43ED-85BF-ED23E565724F}"
EndProject
Project("{FAE04EC0-301F-11D3-BF4B-00C04F79EFBC}") = "Exercise_03a.Tests", "Exercise_03a.Tests\Exercise_03a.Tests.csproj", "{28643361-EA45-406B-B245-A37E4B89BABB}"
EndProject
Global
	GlobalSection(SolutionConfigurationPlatforms) = preSolution
		Debug|Any CPU = Debug|Any CPU
		Release|Any CPU = Release|Any CPU
	EndGlobalSection
	GlobalSection(SolutionProperties) = preSolution
		HideSolutionNode = FALSE
	EndGlobalSection
	GlobalSection(ProjectConfigurationPlatforms) = postSolution
		{8E851980-BA4D-43ED-85BF-ED23E565724F}.Debug|Any CPU.ActiveCfg = Debug|Any CPU
		{8E851980-BA4D-43ED-85BF-ED23E565724F}.Debug|Any CPU.Build.0 = Debug|Any CPU
		{8E851980-BA4D-43ED-85BF-ED23E565724F}.Release|Any CPU.ActiveCfg = Release|Any CPU
		{8E851980-BA4D-43ED-85BF-ED23E565724F}.Release|Any CPU.Build.0 = Release|Any CPU
		{28643361-EA45-406B-B245-A37E4B89BABB}.Debug|Any CPU.ActiveCfg = Debug|Any CPU
		{28643361-EA45-406B-B245-A37E4B89BABB}.Debug|Any CPU.Build.0 = Debug|Any CPU
		{28643361-EA45-406B-B245-A37E4B89BABB}.Release|Any CPU.ActiveCfg = Release|Any CPU
		{28643361-EA45-406B-B245-A37E4B89BABB}.Release|Any CPU.Build.0 = Release|Any CPU
	EndGlobalSection
EndGlobal
